<Solution>
  <Project Path="UtilityApp.Contracts/UtilityApp.Contracts.csproj" Id="1c3a0a53-91f3-4b78-9ae4-3c8e7bfdac17" />
  <Project Path="UtilityApp.Modules.BusinessRequirements/UtilityApp.Modules.BusinessRequirements.csproj" Id="8e70a6bf-6a66-4d45-88ca-b8e8a1660f8e" />
  <Project Path="UtilityApp.Modules.Templates/UtilityApp.Modules.Templates.csproj" Id="6f9a25ce-5c83-4a42-9a79-2ba0e4292d3e" />
  <Project Path="UtilityApp/UtilityApp.csproj" Id="a554819e-ae84-40fd-b2e7-8a3902a7a7f2" />
</Solution>
